
Microsoft Visual Studio Solution File, Format Version 12.00
# Visual Studio Version 16
VisualStudioVersion = 16.0.30320.27
MinimumVisualStudioVersion = 10.0.40219.1
Project("{FAE04EC0-301F-11D3-BF4B-00C04F79EFBC}") = "EntityFCore", "EntityFCore\EntityFCore.csproj", "{FBDB3F93-69DD-4969-AB23-BEE3A2870365}"
EndProject
Global
	GlobalSection(SolutionConfigurationPlatforms) = preSolution
		Debug|Any CPU = Debug|Any CPU
		Release|Any CPU = Release|Any CPU
	EndGlobalSection
	GlobalSection(ProjectConfigurationPlatforms) = postSolution
		{FBDB3F93-69DD-4969-AB23-BEE3A2870365}.Debug|Any CPU.ActiveCfg = Debug|Any CPU
		{FBDB3F93-69DD-4969-AB23-BEE3A2870365}.Debug|Any CPU.Build.0 = Debug|Any CPU
		{FBDB3F93-69DD-4969-AB23-BEE3A2870365}.Release|Any CPU.ActiveCfg = Release|Any CPU
		{FBDB3F93-69DD-4969-AB23-BEE3A2870365}.Release|Any CPU.Build.0 = Release|Any CPU
	EndGlobalSection
	GlobalSection(SolutionProperties) = preSolution
		HideSolutionNode = FALSE
	EndGlobalSection
	GlobalSection(ExtensibilityGlobals) = postSolution
		SolutionGuid = {5956D0F9-1B3B-441D-91A9-6B0C25AE48C6}
	EndGlobalSection
EndGlobal
