
Microsoft Visual Studio Solution File, Format Version 12.00
# Visual Studio Version 16
VisualStudioVersion = 16.0.30320.27
MinimumVisualStudioVersion = 10.0.40219.1
Project("{FAE04EC0-301F-11D3-BF4B-00C04F79EFBC}") = "JWT_Aula", "JWT_Aula\JWT_Aula.csproj", "{236A2173-91F5-4282-9787-18399797BA73}"
EndProject
Global
	GlobalSection(SolutionConfigurationPlatforms) = preSolution
		Debug|Any CPU = Debug|Any CPU
		Release|Any CPU = Release|Any CPU
	EndGlobalSection
	GlobalSection(ProjectConfigurationPlatforms) = postSolution
		{236A2173-91F5-4282-9787-18399797BA73}.Debug|Any CPU.ActiveCfg = Debug|Any CPU
		{236A2173-91F5-4282-9787-18399797BA73}.Debug|Any CPU.Build.0 = Debug|Any CPU
		{236A2173-91F5-4282-9787-18399797BA73}.Release|Any CPU.ActiveCfg = Release|Any CPU
		{236A2173-91F5-4282-9787-18399797BA73}.Release|Any CPU.Build.0 = Release|Any CPU
	EndGlobalSection
	GlobalSection(SolutionProperties) = preSolution
		HideSolutionNode = FALSE
	EndGlobalSection
	GlobalSection(ExtensibilityGlobals) = postSolution
		SolutionGuid = {FACA828B-A8FE-4C2B-A66B-35C32AAB066B}
	EndGlobalSection
EndGlobal
